
Microsoft Visual Studio Solution File, Format Version 12.00
# Visual Studio Version 16
VisualStudioVersion = 16.0.31702.278
MinimumVisualStudioVersion = 10.0.40219.1
Project("{FAE04EC0-301F-11D3-BF4B-00C04F79EFBC}") = "Lab6.1", "Lab6.1\Lab6.1.csproj", "{3488F7D9-3DDC-4DFD-A160-A6E4BF785EA1}"
EndProject
Global
	GlobalSection(SolutionConfigurationPlatforms) = preSolution
		Debug|Any CPU = Debug|Any CPU
		Release|Any CPU = Release|Any CPU
	EndGlobalSection
	GlobalSection(ProjectConfigurationPlatforms) = postSolution
		{3488F7D9-3DDC-4DFD-A160-A6E4BF785EA1}.Debug|Any CPU.ActiveCfg = Debug|Any CPU
		{3488F7D9-3DDC-4DFD-A160-A6E4BF785EA1}.Debug|Any CPU.Build.0 = Debug|Any CPU
		{3488F7D9-3DDC-4DFD-A160-A6E4BF785EA1}.Release|Any CPU.ActiveCfg = Release|Any CPU
		{3488F7D9-3DDC-4DFD-A160-A6E4BF785EA1}.Release|Any CPU.Build.0 = Release|Any CPU
	EndGlobalSection
	GlobalSection(SolutionProperties) = preSolution
		HideSolutionNode = FALSE
	EndGlobalSection
	GlobalSection(ExtensibilityGlobals) = postSolution
		SolutionGuid = {6BFA9AF1-AFEC-48E0-A8BD-DE788D31F3B8}
	EndGlobalSection
EndGlobal
